
Microsoft Visual Studio Solution File, Format Version 12.00
# Visual Studio 14
VisualStudioVersion = 14.0.25420.1
MinimumVisualStudioVersion = 10.0.40219.1
Project("{FAE04EC0-301F-11D3-BF4B-00C04F79EFBC}") = "Arci.Networking", "Arci.Networking\Arci.Networking.csproj", "{ED123DC2-0A2C-4B87-B723-23AAD065D518}"
EndProject
Project("{FAE04EC0-301F-11D3-BF4B-00C04F79EFBC}") = "ClientSample", "ClientSample\ClientSample.csproj", "{0E9D98C8-667E-4790-AF3C-2D485EBECAE5}"
EndProject
Project("{FAE04EC0-301F-11D3-BF4B-00C04F79EFBC}") = "ServerSample", "ServerSample\ServerSample.csproj", "{6699AA72-7048-4CAD-9E71-EB71425003EF}"
EndProject
Project("{FAE04EC0-301F-11D3-BF4B-00C04F79EFBC}") = "Shared", "Shared\Shared.csproj", "{DDA1699F-C5DC-40B0-83CF-7343ABD4DF43}"
EndProject
Project("{FAE04EC0-301F-11D3-BF4B-00C04F79EFBC}") = "Arci.Networking.Tests", "Arci.Networking.Tests\Arci.Networking.Tests.csproj", "{D62482C6-AF88-4BD9-97CB-CC22BDF1EA12}"
EndProject
Project("{8BB2217D-0F2D-49D1-97BC-3654ED321F3B}") = "Arci.Networking.NetCore", "Arci.Networking.NetCore\Arci.Networking.NetCore.xproj", "{7B311FDF-F482-4E76-8C3F-1C99B2DCCB13}"
EndProject
Project("{FAE04EC0-301F-11D3-BF4B-00C04F79EFBC}") = "Arci.Networking.UAP", "Arci.Networking.UAP\Arci.Networking.UAP.csproj", "{7CC530C7-A1E3-4F09-B782-75849FF52B72}"
EndProject
Project("{8BB2217D-0F2D-49D1-97BC-3654ED321F3B}") = "Arci.Networking.Tests.NetCore", "Arci.Networking.Tests.NetCore\Arci.Networking.Tests.NetCore.xproj", "{8D88C09F-D395-4B7D-9ED1-CA3C8235FDA4}"
EndProject
Project("{FAE04EC0-301F-11D3-BF4B-00C04F79EFBC}") = "Arci.Networking.Tests.UAP", "Arci.Networking.Tests.UAP\Arci.Networking.Tests.UAP.csproj", "{A12A315E-5108-4B08-AA79-82BEBE9832AD}"
EndProject
Global
	GlobalSection(SolutionConfigurationPlatforms) = preSolution
		Debug|Any CPU = Debug|Any CPU
		Debug|ARM = Debug|ARM
		Debug|x64 = Debug|x64
		Debug|x86 = Debug|x86
		Release|Any CPU = Release|Any CPU
		Release|ARM = Release|ARM
		Release|x64 = Release|x64
		Release|x86 = Release|x86
	EndGlobalSection
	GlobalSection(ProjectConfigurationPlatforms) = postSolution
		{ED123DC2-0A2C-4B87-B723-23AAD065D518}.Debug|Any CPU.ActiveCfg = Debug|Any CPU
		{ED123DC2-0A2C-4B87-B723-23AAD065D518}.Debug|Any CPU.Build.0 = Debug|Any CPU
		{ED123DC2-0A2C-4B87-B723-23AAD065D518}.Debug|ARM.ActiveCfg = Debug|Any CPU
		{ED123DC2-0A2C-4B87-B723-23AAD065D518}.Debug|ARM.Build.0 = Debug|Any CPU
		{ED123DC2-0A2C-4B87-B723-23AAD065D518}.Debug|x64.ActiveCfg = Debug|Any CPU
		{ED123DC2-0A2C-4B87-B723-23AAD065D518}.Debug|x64.Build.0 = Debug|Any CPU
		{ED123DC2-0A2C-4B87-B723-23AAD065D518}.Debug|x86.ActiveCfg = Debug|Any CPU
		{ED123DC2-0A2C-4B87-B723-23AAD065D518}.Debug|x86.Build.0 = Debug|Any CPU
		{ED123DC2-0A2C-4B87-B723-23AAD065D518}.Release|Any CPU.ActiveCfg = Release|Any CPU
		{ED123DC2-0A2C-4B87-B723-23AAD065D518}.Release|Any CPU.Build.0 = Release|Any CPU
		{ED123DC2-0A2C-4B87-B723-23AAD065D518}.Release|ARM.ActiveCfg = Release|Any CPU
		{ED123DC2-0A2C-4B87-B723-23AAD065D518}.Release|ARM.Build.0 = Release|Any CPU
		{ED123DC2-0A2C-4B87-B723-23AAD065D518}.Release|x64.ActiveCfg = Release|Any CPU
		{ED123DC2-0A2C-4B87-B723-23AAD065D518}.Release|x64.Build.0 = Release|Any CPU
		{ED123DC2-0A2C-4B87-B723-23AAD065D518}.Release|x86.ActiveCfg = Release|Any CPU
		{ED123DC2-0A2C-4B87-B723-23AAD065D518}.Release|x86.Build.0 = Release|Any CPU
		{0E9D98C8-667E-4790-AF3C-2D485EBECAE5}.Debug|Any CPU.ActiveCfg = Debug|Any CPU
		{0E9D98C8-667E-4790-AF3C-2D485EBECAE5}.Debug|Any CPU.Build.0 = Debug|Any CPU
		{0E9D98C8-667E-4790-AF3C-2D485EBECAE5}.Debug|ARM.ActiveCfg = Debug|Any CPU
		{0E9D98C8-667E-4790-AF3C-2D485EBECAE5}.Debug|ARM.Build.0 = Debug|Any CPU
		{0E9D98C8-667E-4790-AF3C-2D485EBECAE5}.Debug|x64.ActiveCfg = Debug|Any CPU
		{0E9D98C8-667E-4790-AF3C-2D485EBECAE5}.Debug|x64.Build.0 = Debug|Any CPU
		{0E9D98C8-667E-4790-AF3C-2D485EBECAE5}.Debug|x86.ActiveCfg = Debug|Any CPU
		{0E9D98C8-667E-4790-AF3C-2D485EBECAE5}.Debug|x86.Build.0 = Debug|Any CPU
		{0E9D98C8-667E-4790-AF3C-2D485EBECAE5}.Release|Any CPU.ActiveCfg = Release|Any CPU
		{0E9D98C8-667E-4790-AF3C-2D485EBECAE5}.Release|Any CPU.Build.0 = Release|Any CPU
		{0E9D98C8-667E-4790-AF3C-2D485EBECAE5}.Release|ARM.ActiveCfg = Release|Any CPU
		{0E9D98C8-667E-4790-AF3C-2D485EBECAE5}.Release|ARM.Build.0 = Release|Any CPU
		{0E9D98C8-667E-4790-AF3C-2D485EBECAE5}.Release|x64.ActiveCfg = Release|Any CPU
		{0E9D98C8-667E-4790-AF3C-2D485EBECAE5}.Release|x64.Build.0 = Release|Any CPU
		{0E9D98C8-667E-4790-AF3C-2D485EBECAE5}.Release|x86.ActiveCfg = Release|Any CPU
		{0E9D98C8-667E-4790-AF3C-2D485EBECAE5}.Release|x86.Build.0 = Release|Any CPU
		{6699AA72-7048-4CAD-9E71-EB71425003EF}.Debug|Any CPU.ActiveCfg = Debug|Any CPU
		{6699AA72-7048-4CAD-9E71-EB71425003EF}.Debug|Any CPU.Build.0 = Debug|Any CPU
		{6699AA72-7048-4CAD-9E71-EB71425003EF}.Debug|ARM.ActiveCfg = Debug|Any CPU
		{6699AA72-7048-4CAD-9E71-EB71425003EF}.Debug|ARM.Build.0 = Debug|Any CPU
		{6699AA72-7048-4CAD-9E71-EB71425003EF}.Debug|x64.ActiveCfg = Debug|Any CPU
		{6699AA72-7048-4CAD-9E71-EB71425003EF}.Debug|x64.Build.0 = Debug|Any CPU
		{6699AA72-7048-4CAD-9E71-EB71425003EF}.Debug|x86.ActiveCfg = Debug|Any CPU
		{6699AA72-7048-4CAD-9E71-EB71425003EF}.Debug|x86.Build.0 = Debug|Any CPU
		{6699AA72-7048-4CAD-9E71-EB71425003EF}.Release|Any CPU.ActiveCfg = Release|Any CPU
		{6699AA72-7048-4CAD-9E71-EB71425003EF}.Release|Any CPU.Build.0 = Release|Any CPU
		{6699AA72-7048-4CAD-9E71-EB71425003EF}.Release|ARM.ActiveCfg = Release|Any CPU
		{6699AA72-7048-4CAD-9E71-EB71425003EF}.Release|ARM.Build.0 = Release|Any CPU
		{6699AA72-7048-4CAD-9E71-EB71425003EF}.Release|x64.ActiveCfg = Release|Any CPU
		{6699AA72-7048-4CAD-9E71-EB71425003EF}.Release|x64.Build.0 = Release|Any CPU
		{6699AA72-7048-4CAD-9E71-EB71425003EF}.Release|x86.ActiveCfg = Release|Any CPU
		{6699AA72-7048-4CAD-9E71-EB71425003EF}.Release|x86.Build.0 = Release|Any CPU
		{DDA1699F-C5DC-40B0-83CF-7343ABD4DF43}.Debug|Any CPU.ActiveCfg = Debug|Any CPU
		{DDA1699F-C5DC-40B0-83CF-7343ABD4DF43}.Debug|Any CPU.Build.0 = Debug|Any CPU
		{DDA1699F-C5DC-40B0-83CF-7343ABD4DF43}.Debug|ARM.ActiveCfg = Debug|Any CPU
		{DDA1699F-C5DC-40B0-83CF-7343ABD4DF43}.Debug|ARM.Build.0 = Debug|Any CPU
		{DDA1699F-C5DC-40B0-83CF-7343ABD4DF43}.Debug|x64.ActiveCfg = Debug|Any CPU
		{DDA1699F-C5DC-40B0-83CF-7343ABD4DF43}.Debug|x64.Build.0 = Debug|Any CPU
		{DDA1699F-C5DC-40B0-83CF-7343ABD4DF43}.Debug|x86.ActiveCfg = Debug|Any CPU
		{DDA1699F-C5DC-40B0-83CF-7343ABD4DF43}.Debug|x86.Build.0 = Debug|Any CPU
		{DDA1699F-C5DC-40B0-83CF-7343ABD4DF43}.Release|Any CPU.ActiveCfg = Release|Any CPU
		{DDA1699F-C5DC-40B0-83CF-7343ABD4DF43}.Release|Any CPU.Build.0 = Release|Any CPU
		{DDA1699F-C5DC-40B0-83CF-7343ABD4DF43}.Release|ARM.ActiveCfg = Release|Any CPU
		{DDA1699F-C5DC-40B0-83CF-7343ABD4DF43}.Release|ARM.Build.0 = Release|Any CPU
		{DDA1699F-C5DC-40B0-83CF-7343ABD4DF43}.Release|x64.ActiveCfg = Release|Any CPU
		{DDA1699F-C5DC-40B0-83CF-7343ABD4DF43}.Release|x64.Build.0 = Release|Any CPU
		{DDA1699F-C5DC-40B0-83CF-7343ABD4DF43}.Release|x86.ActiveCfg = Release|Any CPU
		{DDA1699F-C5DC-40B0-83CF-7343ABD4DF43}.Release|x86.Build.0 = Release|Any CPU
		{D62482C6-AF88-4BD9-97CB-CC22BDF1EA12}.Debug|Any CPU.ActiveCfg = Debug|Any CPU
		{D62482C6-AF88-4BD9-97CB-CC22BDF1EA12}.Debug|Any CPU.Build.0 = Debug|Any CPU
		{D62482C6-AF88-4BD9-97CB-CC22BDF1EA12}.Debug|ARM.ActiveCfg = Debug|Any CPU
		{D62482C6-AF88-4BD9-97CB-CC22BDF1EA12}.Debug|ARM.Build.0 = Debug|Any CPU
		{D62482C6-AF88-4BD9-97CB-CC22BDF1EA12}.Debug|x64.ActiveCfg = Debug|Any CPU
		{D62482C6-AF88-4BD9-97CB-CC22BDF1EA12}.Debug|x64.Build.0 = Debug|Any CPU
		{D62482C6-AF88-4BD9-97CB-CC22BDF1EA12}.Debug|x86.ActiveCfg = Debug|Any CPU
		{D62482C6-AF88-4BD9-97CB-CC22BDF1EA12}.Debug|x86.Build.0 = Debug|Any CPU
		{D62482C6-AF88-4BD9-97CB-CC22BDF1EA12}.Release|Any CPU.ActiveCfg = Release|Any CPU
		{D62482C6-AF88-4BD9-97CB-CC22BDF1EA12}.Release|Any CPU.Build.0 = Release|Any CPU
		{D62482C6-AF88-4BD9-97CB-CC22BDF1EA12}.Release|ARM.ActiveCfg = Release|Any CPU
		{D62482C6-AF88-4BD9-97CB-CC22BDF1EA12}.Release|ARM.Build.0 = Release|Any CPU
		{D62482C6-AF88-4BD9-97CB-CC22BDF1EA12}.Release|x64.ActiveCfg = Release|Any CPU
		{D62482C6-AF88-4BD9-97CB-CC22BDF1EA12}.Release|x64.Build.0 = Release|Any CPU
		{D62482C6-AF88-4BD9-97CB-CC22BDF1EA12}.Release|x86.ActiveCfg = Release|Any CPU
		{D62482C6-AF88-4BD9-97CB-CC22BDF1EA12}.Release|x86.Build.0 = Release|Any CPU
		{7B311FDF-F482-4E76-8C3F-1C99B2DCCB13}.Debug|Any CPU.ActiveCfg = Debug|Any CPU
		{7B311FDF-F482-4E76-8C3F-1C99B2DCCB13}.Debug|Any CPU.Build.0 = Debug|Any CPU
		{7B311FDF-F482-4E76-8C3F-1C99B2DCCB13}.Debug|ARM.ActiveCfg = Debug|Any CPU
		{7B311FDF-F482-4E76-8C3F-1C99B2DCCB13}.Debug|ARM.Build.0 = Debug|Any CPU
		{7B311FDF-F482-4E76-8C3F-1C99B2DCCB13}.Debug|x64.ActiveCfg = Debug|Any CPU
		{7B311FDF-F482-4E76-8C3F-1C99B2DCCB13}.Debug|x64.Build.0 = Debug|Any CPU
		{7B311FDF-F482-4E76-8C3F-1C99B2DCCB13}.Debug|x86.ActiveCfg = Debug|Any CPU
		{7B311FDF-F482-4E76-8C3F-1C99B2DCCB13}.Debug|x86.Build.0 = Debug|Any CPU
		{7B311FDF-F482-4E76-8C3F-1C99B2DCCB13}.Release|Any CPU.ActiveCfg = Release|Any CPU
		{7B311FDF-F482-4E76-8C3F-1C99B2DCCB13}.Release|Any CPU.Build.0 = Release|Any CPU
		{7B311FDF-F482-4E76-8C3F-1C99B2DCCB13}.Release|ARM.ActiveCfg = Release|Any CPU
		{7B311FDF-F482-4E76-8C3F-1C99B2DCCB13}.Release|ARM.Build.0 = Release|Any CPU
		{7B311FDF-F482-4E76-8C3F-1C99B2DCCB13}.Release|x64.ActiveCfg = Release|Any CPU
		{7B311FDF-F482-4E76-8C3F-1C99B2DCCB13}.Release|x64.Build.0 = Release|Any CPU
		{7B311FDF-F482-4E76-8C3F-1C99B2DCCB13}.Release|x86.ActiveCfg = Release|Any CPU
		{7B311FDF-F482-4E76-8C3F-1C99B2DCCB13}.Release|x86.Build.0 = Release|Any CPU
		{7CC530C7-A1E3-4F09-B782-75849FF52B72}.Debug|Any CPU.ActiveCfg = Debug|Any CPU
		{7CC530C7-A1E3-4F09-B782-75849FF52B72}.Debug|Any CPU.Build.0 = Debug|Any CPU
		{7CC530C7-A1E3-4F09-B782-75849FF52B72}.Debug|ARM.ActiveCfg = Debug|ARM
		{7CC530C7-A1E3-4F09-B782-75849FF52B72}.Debug|ARM.Build.0 = Debug|ARM
		{7CC530C7-A1E3-4F09-B782-75849FF52B72}.Debug|x64.ActiveCfg = Debug|x64
		{7CC530C7-A1E3-4F09-B782-75849FF52B72}.Debug|x64.Build.0 = Debug|x64
		{7CC530C7-A1E3-4F09-B782-75849FF52B72}.Debug|x86.ActiveCfg = Debug|x86
		{7CC530C7-A1E3-4F09-B782-75849FF52B72}.Debug|x86.Build.0 = Debug|x86
		{7CC530C7-A1E3-4F09-B782-75849FF52B72}.Release|Any CPU.ActiveCfg = Release|Any CPU
		{7CC530C7-A1E3-4F09-B782-75849FF52B72}.Release|Any CPU.Build.0 = Release|Any CPU
		{7CC530C7-A1E3-4F09-B782-75849FF52B72}.Release|ARM.ActiveCfg = Release|ARM
		{7CC530C7-A1E3-4F09-B782-75849FF52B72}.Release|ARM.Build.0 = Release|ARM
		{7CC530C7-A1E3-4F09-B782-75849FF52B72}.Release|x64.ActiveCfg = Release|x64
		{7CC530C7-A1E3-4F09-B782-75849FF52B72}.Release|x64.Build.0 = Release|x64
		{7CC530C7-A1E3-4F09-B782-75849FF52B72}.Release|x86.ActiveCfg = Release|x86
		{7CC530C7-A1E3-4F09-B782-75849FF52B72}.Release|x86.Build.0 = Release|x86
		{8D88C09F-D395-4B7D-9ED1-CA3C8235FDA4}.Debug|Any CPU.ActiveCfg = Debug|Any CPU
		{8D88C09F-D395-4B7D-9ED1-CA3C8235FDA4}.Debug|Any CPU.Build.0 = Debug|Any CPU
		{8D88C09F-D395-4B7D-9ED1-CA3C8235FDA4}.Debug|ARM.ActiveCfg = Debug|Any CPU
		{8D88C09F-D395-4B7D-9ED1-CA3C8235FDA4}.Debug|ARM.Build.0 = Debug|Any CPU
		{8D88C09F-D395-4B7D-9ED1-CA3C8235FDA4}.Debug|x64.ActiveCfg = Debug|Any CPU
		{8D88C09F-D395-4B7D-9ED1-CA3C8235FDA4}.Debug|x64.Build.0 = Debug|Any CPU
		{8D88C09F-D395-4B7D-9ED1-CA3C8235FDA4}.Debug|x86.ActiveCfg = Debug|Any CPU
		{8D88C09F-D395-4B7D-9ED1-CA3C8235FDA4}.Debug|x86.Build.0 = Debug|Any CPU
		{8D88C09F-D395-4B7D-9ED1-CA3C8235FDA4}.Release|Any CPU.ActiveCfg = Release|Any CPU
		{8D88C09F-D395-4B7D-9ED1-CA3C8235FDA4}.Release|Any CPU.Build.0 = Release|Any CPU
		{8D88C09F-D395-4B7D-9ED1-CA3C8235FDA4}.Release|ARM.ActiveCfg = Release|Any CPU
		{8D88C09F-D395-4B7D-9ED1-CA3C8235FDA4}.Release|ARM.Build.0 = Release|Any CPU
		{8D88C09F-D395-4B7D-9ED1-CA3C8235FDA4}.Release|x64.ActiveCfg = Release|Any CPU
		{8D88C09F-D395-4B7D-9ED1-CA3C8235FDA4}.Release|x64.Build.0 = Release|Any CPU
		{8D88C09F-D395-4B7D-9ED1-CA3C8235FDA4}.Release|x86.ActiveCfg = Release|Any CPU
		{8D88C09F-D395-4B7D-9ED1-CA3C8235FDA4}.Release|x86.Build.0 = Release|Any CPU
		{A12A315E-5108-4B08-AA79-82BEBE9832AD}.Debug|Any CPU.ActiveCfg = Debug|x86
		{A12A315E-5108-4B08-AA79-82BEBE9832AD}.Debug|ARM.ActiveCfg = Debug|ARM
		{A12A315E-5108-4B08-AA79-82BEBE9832AD}.Debug|ARM.Build.0 = Debug|ARM
		{A12A315E-5108-4B08-AA79-82BEBE9832AD}.Debug|ARM.Deploy.0 = Debug|ARM
		{A12A315E-5108-4B08-AA79-82BEBE9832AD}.Debug|x64.ActiveCfg = Debug|x64
		{A12A315E-5108-4B08-AA79-82BEBE9832AD}.Debug|x64.Build.0 = Debug|x64
		{A12A315E-5108-4B08-AA79-82BEBE9832AD}.Debug|x64.Deploy.0 = Debug|x64
		{A12A315E-5108-4B08-AA79-82BEBE9832AD}.Debug|x86.ActiveCfg = Debug|x86
		{A12A315E-5108-4B08-AA79-82BEBE9832AD}.Debug|x86.Build.0 = Debug|x86
		{A12A315E-5108-4B08-AA79-82BEBE9832AD}.Debug|x86.Deploy.0 = Debug|x86
		{A12A315E-5108-4B08-AA79-82BEBE9832AD}.Release|Any CPU.ActiveCfg = Release|x86
		{A12A315E-5108-4B08-AA79-82BEBE9832AD}.Release|ARM.ActiveCfg = Release|ARM
		{A12A315E-5108-4B08-AA79-82BEBE9832AD}.Release|ARM.Build.0 = Release|ARM
		{A12A315E-5108-4B08-AA79-82BEBE9832AD}.Release|ARM.Deploy.0 = Release|ARM
		{A12A315E-5108-4B08-AA79-82BEBE9832AD}.Release|x64.ActiveCfg = Release|x64
		{A12A315E-5108-4B08-AA79-82BEBE9832AD}.Release|x64.Build.0 = Release|x64
		{A12A315E-5108-4B08-AA79-82BEBE9832AD}.Release|x64.Deploy.0 = Release|x64
		{A12A315E-5108-4B08-AA79-82BEBE9832AD}.Release|x86.ActiveCfg = Release|x86
		{A12A315E-5108-4B08-AA79-82BEBE9832AD}.Release|x86.Build.0 = Release|x86
		{A12A315E-5108-4B08-AA79-82BEBE9832AD}.Release|x86.Deploy.0 = Release|x86
	EndGlobalSection
	GlobalSection(SolutionProperties) = preSolution
		HideSolutionNode = FALSE
	EndGlobalSection
EndGlobal
