
Microsoft Visual Studio Solution File, Format Version 12.00
# Visual Studio 14
VisualStudioVersion = 14.0.23107.0
MinimumVisualStudioVersion = 10.0.40219.1
Project("{FAE04EC0-301F-11D3-BF4B-00C04F79EFBC}") = "Arci.Networking", "Arci.Networking\Arci.Networking.csproj", "{ED123DC2-0A2C-4B87-B723-23AAD065D518}"
EndProject
Project("{FAE04EC0-301F-11D3-BF4B-00C04F79EFBC}") = "ClientSample", "ClientSample\ClientSample.csproj", "{0E9D98C8-667E-4790-AF3C-2D485EBECAE5}"
EndProject
Project("{FAE04EC0-301F-11D3-BF4B-00C04F79EFBC}") = "ServerSample", "ServerSample\ServerSample.csproj", "{6699AA72-7048-4CAD-9E71-EB71425003EF}"
EndProject
Project("{FAE04EC0-301F-11D3-BF4B-00C04F79EFBC}") = "Shared", "Shared\Shared.csproj", "{DDA1699F-C5DC-40B0-83CF-7343ABD4DF43}"
EndProject
Global
	GlobalSection(SolutionConfigurationPlatforms) = preSolution
		Debug|Any CPU = Debug|Any CPU
		Release|Any CPU = Release|Any CPU
	EndGlobalSection
	GlobalSection(ProjectConfigurationPlatforms) = postSolution
		{ED123DC2-0A2C-4B87-B723-23AAD065D518}.Debug|Any CPU.ActiveCfg = Debug|Any CPU
		{ED123DC2-0A2C-4B87-B723-23AAD065D518}.Debug|Any CPU.Build.0 = Debug|Any CPU
		{ED123DC2-0A2C-4B87-B723-23AAD065D518}.Release|Any CPU.ActiveCfg = Release|Any CPU
		{ED123DC2-0A2C-4B87-B723-23AAD065D518}.Release|Any CPU.Build.0 = Release|Any CPU
		{0E9D98C8-667E-4790-AF3C-2D485EBECAE5}.Debug|Any CPU.ActiveCfg = Debug|Any CPU
		{0E9D98C8-667E-4790-AF3C-2D485EBECAE5}.Debug|Any CPU.Build.0 = Debug|Any CPU
		{0E9D98C8-667E-4790-AF3C-2D485EBECAE5}.Release|Any CPU.ActiveCfg = Release|Any CPU
		{0E9D98C8-667E-4790-AF3C-2D485EBECAE5}.Release|Any CPU.Build.0 = Release|Any CPU
		{6699AA72-7048-4CAD-9E71-EB71425003EF}.Debug|Any CPU.ActiveCfg = Debug|Any CPU
		{6699AA72-7048-4CAD-9E71-EB71425003EF}.Debug|Any CPU.Build.0 = Debug|Any CPU
		{6699AA72-7048-4CAD-9E71-EB71425003EF}.Release|Any CPU.ActiveCfg = Release|Any CPU
		{6699AA72-7048-4CAD-9E71-EB71425003EF}.Release|Any CPU.Build.0 = Release|Any CPU
		{DDA1699F-C5DC-40B0-83CF-7343ABD4DF43}.Debug|Any CPU.ActiveCfg = Debug|Any CPU
		{DDA1699F-C5DC-40B0-83CF-7343ABD4DF43}.Debug|Any CPU.Build.0 = Debug|Any CPU
		{DDA1699F-C5DC-40B0-83CF-7343ABD4DF43}.Release|Any CPU.ActiveCfg = Release|Any CPU
		{DDA1699F-C5DC-40B0-83CF-7343ABD4DF43}.Release|Any CPU.Build.0 = Release|Any CPU
	EndGlobalSection
	GlobalSection(SolutionProperties) = preSolution
		HideSolutionNode = FALSE
	EndGlobalSection
EndGlobal
