
Microsoft Visual Studio Solution File, Format Version 12.00
# Visual Studio 15
VisualStudioVersion = 15.0.26228.4
MinimumVisualStudioVersion = 10.0.40219.1
Project("{FAE04EC0-301F-11D3-BF4B-00C04F79EFBC}") = "ClientSample", "ClientSample\ClientSample.csproj", "{0E9D98C8-667E-4790-AF3C-2D485EBECAE5}"
EndProject
Project("{FAE04EC0-301F-11D3-BF4B-00C04F79EFBC}") = "ServerSample", "ServerSample\ServerSample.csproj", "{6699AA72-7048-4CAD-9E71-EB71425003EF}"
EndProject
Project("{FAE04EC0-301F-11D3-BF4B-00C04F79EFBC}") = "Shared", "Shared\Shared.csproj", "{DDA1699F-C5DC-40B0-83CF-7343ABD4DF43}"
EndProject
Project("{FAE04EC0-301F-11D3-BF4B-00C04F79EFBC}") = "Arci.Networking.Tests", "Arci.Networking.Tests\Arci.Networking.Tests.csproj", "{D62482C6-AF88-4BD9-97CB-CC22BDF1EA12}"
EndProject
Project("{9A19103F-16F7-4668-BE54-9A1E7A4F7556}") = "Arci.Networking.Tests.NetCore", "Arci.Networking.Tests.NetCore\Arci.Networking.Tests.NetCore.csproj", "{8D88C09F-D395-4B7D-9ED1-CA3C8235FDA4}"
EndProject
Project("{9A19103F-16F7-4668-BE54-9A1E7A4F7556}") = "Arci.Networking", "Arci.Networking\Arci.Networking.csproj", "{1F9C6F0F-358B-4487-83D8-40677D6FC3AB}"
EndProject
Project("{FAE04EC0-301F-11D3-BF4B-00C04F79EFBC}") = "Arci.Networking.Tests.UAP", "Arci.Networking.Tests.UAP\Arci.Networking.Tests.UAP.csproj", "{8EE20DE3-C2B0-43A9-9638-F17BB22AB139}"
EndProject
Global
	GlobalSection(SolutionConfigurationPlatforms) = preSolution
		Debug|Any CPU = Debug|Any CPU
		Debug|ARM = Debug|ARM
		Debug|x64 = Debug|x64
		Debug|x86 = Debug|x86
		Release|Any CPU = Release|Any CPU
		Release|ARM = Release|ARM
		Release|x64 = Release|x64
		Release|x86 = Release|x86
	EndGlobalSection
	GlobalSection(ProjectConfigurationPlatforms) = postSolution
		{0E9D98C8-667E-4790-AF3C-2D485EBECAE5}.Debug|Any CPU.ActiveCfg = Debug|Any CPU
		{0E9D98C8-667E-4790-AF3C-2D485EBECAE5}.Debug|Any CPU.Build.0 = Debug|Any CPU
		{0E9D98C8-667E-4790-AF3C-2D485EBECAE5}.Debug|ARM.ActiveCfg = Debug|Any CPU
		{0E9D98C8-667E-4790-AF3C-2D485EBECAE5}.Debug|ARM.Build.0 = Debug|Any CPU
		{0E9D98C8-667E-4790-AF3C-2D485EBECAE5}.Debug|x64.ActiveCfg = Debug|Any CPU
		{0E9D98C8-667E-4790-AF3C-2D485EBECAE5}.Debug|x64.Build.0 = Debug|Any CPU
		{0E9D98C8-667E-4790-AF3C-2D485EBECAE5}.Debug|x86.ActiveCfg = Debug|Any CPU
		{0E9D98C8-667E-4790-AF3C-2D485EBECAE5}.Debug|x86.Build.0 = Debug|Any CPU
		{0E9D98C8-667E-4790-AF3C-2D485EBECAE5}.Release|Any CPU.ActiveCfg = Release|Any CPU
		{0E9D98C8-667E-4790-AF3C-2D485EBECAE5}.Release|Any CPU.Build.0 = Release|Any CPU
		{0E9D98C8-667E-4790-AF3C-2D485EBECAE5}.Release|ARM.ActiveCfg = Release|Any CPU
		{0E9D98C8-667E-4790-AF3C-2D485EBECAE5}.Release|ARM.Build.0 = Release|Any CPU
		{0E9D98C8-667E-4790-AF3C-2D485EBECAE5}.Release|x64.ActiveCfg = Release|Any CPU
		{0E9D98C8-667E-4790-AF3C-2D485EBECAE5}.Release|x64.Build.0 = Release|Any CPU
		{0E9D98C8-667E-4790-AF3C-2D485EBECAE5}.Release|x86.ActiveCfg = Release|Any CPU
		{0E9D98C8-667E-4790-AF3C-2D485EBECAE5}.Release|x86.Build.0 = Release|Any CPU
		{6699AA72-7048-4CAD-9E71-EB71425003EF}.Debug|Any CPU.ActiveCfg = Debug|Any CPU
		{6699AA72-7048-4CAD-9E71-EB71425003EF}.Debug|Any CPU.Build.0 = Debug|Any CPU
		{6699AA72-7048-4CAD-9E71-EB71425003EF}.Debug|ARM.ActiveCfg = Debug|Any CPU
		{6699AA72-7048-4CAD-9E71-EB71425003EF}.Debug|ARM.Build.0 = Debug|Any CPU
		{6699AA72-7048-4CAD-9E71-EB71425003EF}.Debug|x64.ActiveCfg = Debug|Any CPU
		{6699AA72-7048-4CAD-9E71-EB71425003EF}.Debug|x64.Build.0 = Debug|Any CPU
		{6699AA72-7048-4CAD-9E71-EB71425003EF}.Debug|x86.ActiveCfg = Debug|Any CPU
		{6699AA72-7048-4CAD-9E71-EB71425003EF}.Debug|x86.Build.0 = Debug|Any CPU
		{6699AA72-7048-4CAD-9E71-EB71425003EF}.Release|Any CPU.ActiveCfg = Release|Any CPU
		{6699AA72-7048-4CAD-9E71-EB71425003EF}.Release|Any CPU.Build.0 = Release|Any CPU
		{6699AA72-7048-4CAD-9E71-EB71425003EF}.Release|ARM.ActiveCfg = Release|Any CPU
		{6699AA72-7048-4CAD-9E71-EB71425003EF}.Release|ARM.Build.0 = Release|Any CPU
		{6699AA72-7048-4CAD-9E71-EB71425003EF}.Release|x64.ActiveCfg = Release|Any CPU
		{6699AA72-7048-4CAD-9E71-EB71425003EF}.Release|x64.Build.0 = Release|Any CPU
		{6699AA72-7048-4CAD-9E71-EB71425003EF}.Release|x86.ActiveCfg = Release|Any CPU
		{6699AA72-7048-4CAD-9E71-EB71425003EF}.Release|x86.Build.0 = Release|Any CPU
		{DDA1699F-C5DC-40B0-83CF-7343ABD4DF43}.Debug|Any CPU.ActiveCfg = Debug|Any CPU
		{DDA1699F-C5DC-40B0-83CF-7343ABD4DF43}.Debug|Any CPU.Build.0 = Debug|Any CPU
		{DDA1699F-C5DC-40B0-83CF-7343ABD4DF43}.Debug|ARM.ActiveCfg = Debug|Any CPU
		{DDA1699F-C5DC-40B0-83CF-7343ABD4DF43}.Debug|ARM.Build.0 = Debug|Any CPU
		{DDA1699F-C5DC-40B0-83CF-7343ABD4DF43}.Debug|x64.ActiveCfg = Debug|Any CPU
		{DDA1699F-C5DC-40B0-83CF-7343ABD4DF43}.Debug|x64.Build.0 = Debug|Any CPU
		{DDA1699F-C5DC-40B0-83CF-7343ABD4DF43}.Debug|x86.ActiveCfg = Debug|Any CPU
		{DDA1699F-C5DC-40B0-83CF-7343ABD4DF43}.Debug|x86.Build.0 = Debug|Any CPU
		{DDA1699F-C5DC-40B0-83CF-7343ABD4DF43}.Release|Any CPU.ActiveCfg = Release|Any CPU
		{DDA1699F-C5DC-40B0-83CF-7343ABD4DF43}.Release|Any CPU.Build.0 = Release|Any CPU
		{DDA1699F-C5DC-40B0-83CF-7343ABD4DF43}.Release|ARM.ActiveCfg = Release|Any CPU
		{DDA1699F-C5DC-40B0-83CF-7343ABD4DF43}.Release|ARM.Build.0 = Release|Any CPU
		{DDA1699F-C5DC-40B0-83CF-7343ABD4DF43}.Release|x64.ActiveCfg = Release|Any CPU
		{DDA1699F-C5DC-40B0-83CF-7343ABD4DF43}.Release|x64.Build.0 = Release|Any CPU
		{DDA1699F-C5DC-40B0-83CF-7343ABD4DF43}.Release|x86.ActiveCfg = Release|Any CPU
		{DDA1699F-C5DC-40B0-83CF-7343ABD4DF43}.Release|x86.Build.0 = Release|Any CPU
		{D62482C6-AF88-4BD9-97CB-CC22BDF1EA12}.Debug|Any CPU.ActiveCfg = Debug|Any CPU
		{D62482C6-AF88-4BD9-97CB-CC22BDF1EA12}.Debug|Any CPU.Build.0 = Debug|Any CPU
		{D62482C6-AF88-4BD9-97CB-CC22BDF1EA12}.Debug|ARM.ActiveCfg = Debug|Any CPU
		{D62482C6-AF88-4BD9-97CB-CC22BDF1EA12}.Debug|ARM.Build.0 = Debug|Any CPU
		{D62482C6-AF88-4BD9-97CB-CC22BDF1EA12}.Debug|x64.ActiveCfg = Debug|Any CPU
		{D62482C6-AF88-4BD9-97CB-CC22BDF1EA12}.Debug|x64.Build.0 = Debug|Any CPU
		{D62482C6-AF88-4BD9-97CB-CC22BDF1EA12}.Debug|x86.ActiveCfg = Debug|Any CPU
		{D62482C6-AF88-4BD9-97CB-CC22BDF1EA12}.Debug|x86.Build.0 = Debug|Any CPU
		{D62482C6-AF88-4BD9-97CB-CC22BDF1EA12}.Release|Any CPU.ActiveCfg = Release|Any CPU
		{D62482C6-AF88-4BD9-97CB-CC22BDF1EA12}.Release|Any CPU.Build.0 = Release|Any CPU
		{D62482C6-AF88-4BD9-97CB-CC22BDF1EA12}.Release|ARM.ActiveCfg = Release|Any CPU
		{D62482C6-AF88-4BD9-97CB-CC22BDF1EA12}.Release|ARM.Build.0 = Release|Any CPU
		{D62482C6-AF88-4BD9-97CB-CC22BDF1EA12}.Release|x64.ActiveCfg = Release|Any CPU
		{D62482C6-AF88-4BD9-97CB-CC22BDF1EA12}.Release|x64.Build.0 = Release|Any CPU
		{D62482C6-AF88-4BD9-97CB-CC22BDF1EA12}.Release|x86.ActiveCfg = Release|Any CPU
		{D62482C6-AF88-4BD9-97CB-CC22BDF1EA12}.Release|x86.Build.0 = Release|Any CPU
		{8D88C09F-D395-4B7D-9ED1-CA3C8235FDA4}.Debug|Any CPU.ActiveCfg = Debug|Any CPU
		{8D88C09F-D395-4B7D-9ED1-CA3C8235FDA4}.Debug|Any CPU.Build.0 = Debug|Any CPU
		{8D88C09F-D395-4B7D-9ED1-CA3C8235FDA4}.Debug|ARM.ActiveCfg = Debug|Any CPU
		{8D88C09F-D395-4B7D-9ED1-CA3C8235FDA4}.Debug|ARM.Build.0 = Debug|Any CPU
		{8D88C09F-D395-4B7D-9ED1-CA3C8235FDA4}.Debug|x64.ActiveCfg = Debug|Any CPU
		{8D88C09F-D395-4B7D-9ED1-CA3C8235FDA4}.Debug|x64.Build.0 = Debug|Any CPU
		{8D88C09F-D395-4B7D-9ED1-CA3C8235FDA4}.Debug|x86.ActiveCfg = Debug|Any CPU
		{8D88C09F-D395-4B7D-9ED1-CA3C8235FDA4}.Debug|x86.Build.0 = Debug|Any CPU
		{8D88C09F-D395-4B7D-9ED1-CA3C8235FDA4}.Release|Any CPU.ActiveCfg = Release|Any CPU
		{8D88C09F-D395-4B7D-9ED1-CA3C8235FDA4}.Release|Any CPU.Build.0 = Release|Any CPU
		{8D88C09F-D395-4B7D-9ED1-CA3C8235FDA4}.Release|ARM.ActiveCfg = Release|Any CPU
		{8D88C09F-D395-4B7D-9ED1-CA3C8235FDA4}.Release|ARM.Build.0 = Release|Any CPU
		{8D88C09F-D395-4B7D-9ED1-CA3C8235FDA4}.Release|x64.ActiveCfg = Release|Any CPU
		{8D88C09F-D395-4B7D-9ED1-CA3C8235FDA4}.Release|x64.Build.0 = Release|Any CPU
		{8D88C09F-D395-4B7D-9ED1-CA3C8235FDA4}.Release|x86.ActiveCfg = Release|Any CPU
		{8D88C09F-D395-4B7D-9ED1-CA3C8235FDA4}.Release|x86.Build.0 = Release|Any CPU
		{1F9C6F0F-358B-4487-83D8-40677D6FC3AB}.Debug|Any CPU.ActiveCfg = Debug|Any CPU
		{1F9C6F0F-358B-4487-83D8-40677D6FC3AB}.Debug|Any CPU.Build.0 = Debug|Any CPU
		{1F9C6F0F-358B-4487-83D8-40677D6FC3AB}.Debug|ARM.ActiveCfg = Debug|Any CPU
		{1F9C6F0F-358B-4487-83D8-40677D6FC3AB}.Debug|ARM.Build.0 = Debug|Any CPU
		{1F9C6F0F-358B-4487-83D8-40677D6FC3AB}.Debug|x64.ActiveCfg = Debug|Any CPU
		{1F9C6F0F-358B-4487-83D8-40677D6FC3AB}.Debug|x64.Build.0 = Debug|Any CPU
		{1F9C6F0F-358B-4487-83D8-40677D6FC3AB}.Debug|x86.ActiveCfg = Debug|Any CPU
		{1F9C6F0F-358B-4487-83D8-40677D6FC3AB}.Debug|x86.Build.0 = Debug|Any CPU
		{1F9C6F0F-358B-4487-83D8-40677D6FC3AB}.Release|Any CPU.ActiveCfg = Release|Any CPU
		{1F9C6F0F-358B-4487-83D8-40677D6FC3AB}.Release|Any CPU.Build.0 = Release|Any CPU
		{1F9C6F0F-358B-4487-83D8-40677D6FC3AB}.Release|ARM.ActiveCfg = Release|Any CPU
		{1F9C6F0F-358B-4487-83D8-40677D6FC3AB}.Release|ARM.Build.0 = Release|Any CPU
		{1F9C6F0F-358B-4487-83D8-40677D6FC3AB}.Release|x64.ActiveCfg = Release|Any CPU
		{1F9C6F0F-358B-4487-83D8-40677D6FC3AB}.Release|x64.Build.0 = Release|Any CPU
		{1F9C6F0F-358B-4487-83D8-40677D6FC3AB}.Release|x86.ActiveCfg = Release|Any CPU
		{1F9C6F0F-358B-4487-83D8-40677D6FC3AB}.Release|x86.Build.0 = Release|Any CPU
		{8EE20DE3-C2B0-43A9-9638-F17BB22AB139}.Debug|Any CPU.ActiveCfg = Debug|x86
		{8EE20DE3-C2B0-43A9-9638-F17BB22AB139}.Debug|Any CPU.Build.0 = Debug|x86
		{8EE20DE3-C2B0-43A9-9638-F17BB22AB139}.Debug|ARM.ActiveCfg = Debug|ARM
		{8EE20DE3-C2B0-43A9-9638-F17BB22AB139}.Debug|ARM.Build.0 = Debug|ARM
		{8EE20DE3-C2B0-43A9-9638-F17BB22AB139}.Debug|ARM.Deploy.0 = Debug|ARM
		{8EE20DE3-C2B0-43A9-9638-F17BB22AB139}.Debug|x64.ActiveCfg = Debug|x64
		{8EE20DE3-C2B0-43A9-9638-F17BB22AB139}.Debug|x64.Build.0 = Debug|x64
		{8EE20DE3-C2B0-43A9-9638-F17BB22AB139}.Debug|x64.Deploy.0 = Debug|x64
		{8EE20DE3-C2B0-43A9-9638-F17BB22AB139}.Debug|x86.ActiveCfg = Debug|x86
		{8EE20DE3-C2B0-43A9-9638-F17BB22AB139}.Debug|x86.Build.0 = Debug|x86
		{8EE20DE3-C2B0-43A9-9638-F17BB22AB139}.Debug|x86.Deploy.0 = Debug|x86
		{8EE20DE3-C2B0-43A9-9638-F17BB22AB139}.Release|Any CPU.ActiveCfg = Release|x86
		{8EE20DE3-C2B0-43A9-9638-F17BB22AB139}.Release|ARM.ActiveCfg = Release|ARM
		{8EE20DE3-C2B0-43A9-9638-F17BB22AB139}.Release|ARM.Build.0 = Release|ARM
		{8EE20DE3-C2B0-43A9-9638-F17BB22AB139}.Release|ARM.Deploy.0 = Release|ARM
		{8EE20DE3-C2B0-43A9-9638-F17BB22AB139}.Release|x64.ActiveCfg = Release|x64
		{8EE20DE3-C2B0-43A9-9638-F17BB22AB139}.Release|x64.Build.0 = Release|x64
		{8EE20DE3-C2B0-43A9-9638-F17BB22AB139}.Release|x64.Deploy.0 = Release|x64
		{8EE20DE3-C2B0-43A9-9638-F17BB22AB139}.Release|x86.ActiveCfg = Release|x86
		{8EE20DE3-C2B0-43A9-9638-F17BB22AB139}.Release|x86.Build.0 = Release|x86
		{8EE20DE3-C2B0-43A9-9638-F17BB22AB139}.Release|x86.Deploy.0 = Release|x86
	EndGlobalSection
	GlobalSection(SolutionProperties) = preSolution
		HideSolutionNode = FALSE
	EndGlobalSection
	GlobalSection(ExtensibilityGlobals) = postSolution
		SolutionGuid = {B7769AC6-7029-4014-819E-AE8B02CB42AE}
	EndGlobalSection
EndGlobal
